
Microsoft Visual Studio Solution File, Format Version 12.00
# Visual Studio Version 16
VisualStudioVersion = 16.0.30011.22
MinimumVisualStudioVersion = 10.0.40219.1
Project("{FAE04EC0-301F-11D3-BF4B-00C04F79EFBC}") = "EP.Tracking.Mobile.Android", "EP.Tracking.Mobile\EP.Tracking.Mobile.Android\EP.Tracking.Mobile.Android.csproj", "{C5C475A5-C2EB-4F23-A5F5-E5A52A4F5C21}"
EndProject
Project("{9A19103F-16F7-4668-BE54-9A1E7A4F7556}") = "EP.Tracking.Mobile", "EP.Tracking.Mobile\EP.Tracking.Mobile\EP.Tracking.Mobile.csproj", "{EA7732A4-5D7B-4D98-8B60-A15B32F3745E}"
EndProject
Global
	GlobalSection(SolutionConfigurationPlatforms) = preSolution
		Debug|Any CPU = Debug|Any CPU
		Release|Any CPU = Release|Any CPU
	EndGlobalSection
	GlobalSection(ProjectConfigurationPlatforms) = postSolution
		{C5C475A5-C2EB-4F23-A5F5-E5A52A4F5C21}.Debug|Any CPU.ActiveCfg = Debug|Any CPU
		{C5C475A5-C2EB-4F23-A5F5-E5A52A4F5C21}.Debug|Any CPU.Build.0 = Debug|Any CPU
		{C5C475A5-C2EB-4F23-A5F5-E5A52A4F5C21}.Debug|Any CPU.Deploy.0 = Debug|Any CPU
		{C5C475A5-C2EB-4F23-A5F5-E5A52A4F5C21}.Release|Any CPU.ActiveCfg = Release|Any CPU
		{C5C475A5-C2EB-4F23-A5F5-E5A52A4F5C21}.Release|Any CPU.Build.0 = Release|Any CPU
		{C5C475A5-C2EB-4F23-A5F5-E5A52A4F5C21}.Release|Any CPU.Deploy.0 = Release|Any CPU
		{EA7732A4-5D7B-4D98-8B60-A15B32F3745E}.Debug|Any CPU.ActiveCfg = Debug|Any CPU
		{EA7732A4-5D7B-4D98-8B60-A15B32F3745E}.Debug|Any CPU.Build.0 = Debug|Any CPU
		{EA7732A4-5D7B-4D98-8B60-A15B32F3745E}.Debug|Any CPU.Deploy.0 = Debug|Any CPU
		{EA7732A4-5D7B-4D98-8B60-A15B32F3745E}.Release|Any CPU.ActiveCfg = Release|Any CPU
		{EA7732A4-5D7B-4D98-8B60-A15B32F3745E}.Release|Any CPU.Build.0 = Release|Any CPU
		{EA7732A4-5D7B-4D98-8B60-A15B32F3745E}.Release|Any CPU.Deploy.0 = Release|Any CPU
	EndGlobalSection
	GlobalSection(SolutionProperties) = preSolution
		HideSolutionNode = FALSE
	EndGlobalSection
	GlobalSection(ExtensibilityGlobals) = postSolution
		SolutionGuid = {745D5DCA-C8F3-4196-934C-AB5E7F837EC2}
	EndGlobalSection
EndGlobal
